
Microsoft Visual Studio Solution File, Format Version 12.00
# Visual Studio Version 17
VisualStudioVersion = 17.5.002.0
MinimumVisualStudioVersion = 10.0.40219.1
Project("{9A19103F-16F7-4668-BE54-9A1E7A4F7556}") = "ATM Application", "ATM Application\ATM Application.csproj", "{8DC769D9-7917-4B7F-A094-137C88BB9E8E}"
EndProject
Project("{9A19103F-16F7-4668-BE54-9A1E7A4F7556}") = "WpfApplication1", "WpfApplication1\WpfApplication1.csproj", "{291D948E-8BF2-455F-B014-1FFA52F57745}"
EndProject
Global
	GlobalSection(SolutionConfigurationPlatforms) = preSolution
		Debug|Any CPU = Debug|Any CPU
		Release|Any CPU = Release|Any CPU
	EndGlobalSection
	GlobalSection(ProjectConfigurationPlatforms) = postSolution
		{8DC769D9-7917-4B7F-A094-137C88BB9E8E}.Debug|Any CPU.ActiveCfg = Debug|Any CPU
		{8DC769D9-7917-4B7F-A094-137C88BB9E8E}.Debug|Any CPU.Build.0 = Debug|Any CPU
		{8DC769D9-7917-4B7F-A094-137C88BB9E8E}.Release|Any CPU.ActiveCfg = Release|Any CPU
		{8DC769D9-7917-4B7F-A094-137C88BB9E8E}.Release|Any CPU.Build.0 = Release|Any CPU
		{291D948E-8BF2-455F-B014-1FFA52F57745}.Debug|Any CPU.ActiveCfg = Debug|Any CPU
		{291D948E-8BF2-455F-B014-1FFA52F57745}.Debug|Any CPU.Build.0 = Debug|Any CPU
		{291D948E-8BF2-455F-B014-1FFA52F57745}.Release|Any CPU.ActiveCfg = Release|Any CPU
		{291D948E-8BF2-455F-B014-1FFA52F57745}.Release|Any CPU.Build.0 = Release|Any CPU
	EndGlobalSection
	GlobalSection(SolutionProperties) = preSolution
		HideSolutionNode = FALSE
	EndGlobalSection
	GlobalSection(ExtensibilityGlobals) = postSolution
		SolutionGuid = {8C99B8F6-6D88-49CA-AD47-35216C7B994D}
	EndGlobalSection
EndGlobal
